{"version":4,"terraform_version":"1.11.2","serial":10,"lineage":"90c06f3c-8dcb-10b9-43d0-a85ad88eddc2","outputs":{"private_subnets":{"value":["subnet-00faabec00b809b1c","subnet-037501c42dab8c2f0"],"type":["tuple",["string","string"]]},"vpc_id":{"value":"vpc-0f2246124e1ed1a2e","type":"string"}},"resources":[{"mode":"managed","type":"aws_security_group","name":"rds_sg","provider":"provider[\"registry.opentofu.org/hashicorp/aws\"]","instances":[{"schema_version":1,"attributes":{"arn":"arn:aws:ec2:us-east-2:122610191296:security-group/sg-0f8250b6729f50a0e","description":"Managed by Terraform","egress":[{"cidr_blocks":["0.0.0.0/0"],"description":"","from_port":0,"ipv6_cidr_blocks":[],"prefix_list_ids":[],"protocol":"-1","security_groups":[],"self":false,"to_port":0}],"id":"sg-0f8250b6729f50a0e","ingress":[{"cidr_blocks":["10.0.0.0/16"],"description":"","from_port":5432,"ipv6_cidr_blocks":[],"prefix_list_ids":[],"protocol":"tcp","security_groups":[],"self":false,"to_port":5432}],"name":"rds-sg","name_prefix":"","owner_id":"122610191296","region":"us-east-2","revoke_rules_on_delete":false,"tags":{},"tags_all":{},"timeouts":null,"vpc_id":"vpc-0f2246124e1ed1a2e"},"sensitive_attributes":[],"private":"eyJlMmJmYjczMC1lY2FhLTExZTYtOGY4OC0zNDM2M2JjN2M0YzAiOnsiY3JlYXRlIjo2MDAwMDAwMDAwMDAsImRlbGV0ZSI6OTAwMDAwMDAwMDAwfSwic2NoZW1hX3ZlcnNpb24iOiIxIn0=","dependencies":["module.serverless-vpc.aws_vpc.this"]}]},{"module":"module.item-catalog-db.module.db_instance","mode":"data","type":"aws_iam_policy_document","name":"enhanced_monitoring","provider":"provider[\"registry.opentofu.org/hashicorp/aws\"]","instances":[{"schema_version":0,"attributes":{"id":"76086537","json":"{\n  \"Version\": \"2012-10-17\",\n  \"Statement\": [\n    {\n      \"Effect\": \"Allow\",\n      \"Action\": \"sts:AssumeRole\",\n      \"Principal\": {\n        \"Service\": \"monitoring.rds.amazonaws.com\"\n      }\n    }\n  ]\n}","minified_json":"{\"Version\":\"2012-10-17\",\"Statement\":[{\"Effect\":\"Allow\",\"Action\":\"sts:AssumeRole\",\"Principal\":{\"Service\":\"monitoring.rds.amazonaws.com\"}}]}","override_json":null,"override_policy_documents":null,"policy_id":null,"source_json":null,"source_policy_documents":null,"statement":[{"actions":["sts:AssumeRole"],"condition":[],"effect":"Allow","not_actions":[],"not_principals":[],"not_resources":[],"principals":[{"identifiers":["monitoring.rds.amazonaws.com"],"type":"Service"}],"resources":[],"sid":""}],"version":"2012-10-17"},"sensitive_attributes":[]}]},{"module":"module.item-catalog-db.module.db_instance","mode":"data","type":"aws_partition","name":"current","provider":"provider[\"registry.opentofu.org/hashicorp/aws\"]","instances":[{"schema_version":0,"attributes":{"dns_suffix":"amazonaws.com","id":"aws","partition":"aws","reverse_dns_prefix":"com.amazonaws"},"sensitive_attributes":[]}]},{"module":"module.item-catalog-db.module.db_instance","mode":"managed","type":"aws_db_instance","name":"this","provider":"provider[\"registry.opentofu.org/hashicorp/aws\"]","instances":[{"index_key":0,"schema_version":2,"attributes":{"address":"item-catalog-db.cukqzuz648ai.us-east-2.rds.amazonaws.com","allocated_storage":10,"allow_major_version_upgrade":false,"apply_immediately":false,"arn":"arn:aws:rds:us-east-2:122610191296:db:item-catalog-db","auto_minor_version_upgrade":true,"availability_zone":"us-east-2a","backup_retention_period":0,"backup_target":"region","backup_window":"10:07-10:37","blue_green_update":[],"ca_cert_identifier":"rds-ca-rsa2048-g1","character_set_name":"","copy_tags_to_snapshot":false,"custom_iam_instance_profile":"","customer_owned_ip_enabled":false,"database_insights_mode":"standard","db_name":"item_catalog_db","db_subnet_group_name":"serverless-vpc","dedicated_log_volume":false,"delete_automated_backups":true,"deletion_protection":false,"domain":"","domain_auth_secret_arn":"","domain_dns_ips":null,"domain_fqdn":"","domain_iam_role_name":"","domain_ou":"","enabled_cloudwatch_logs_exports":null,"endpoint":"item-catalog-db.cukqzuz648ai.us-east-2.rds.amazonaws.com:5432","engine":"postgres","engine_lifecycle_support":"open-source-rds-extended-support","engine_version":"17.2","engine_version_actual":"17.2","final_snapshot_identifier":"final-item-catalog-db-64af13d7","hosted_zone_id":"Z2XHWR1WZ565X2","iam_database_authentication_enabled":false,"id":"db-DJRYRTAZFYSW3XPUSHLODYKYD4","identifier":"item-catalog-db","identifier_prefix":"","instance_class":"db.t4g.micro","iops":0,"kms_key_id":"arn:aws:kms:us-east-2:122610191296:key/55cda816-d90a-4569-afd9-01c4b8e7cb1c","latest_restorable_time":"","license_model":"postgresql-license","listener_endpoint":[],"maintenance_window":"wed:08:14-wed:08:44","manage_master_user_password":true,"master_user_secret":[{"kms_key_id":"arn:aws:kms:us-east-2:122610191296:key/42e73734-87ab-48c4-9ebe-13a13e4b6543","secret_arn":"arn:aws:secretsmanager:us-east-2:122610191296:secret:rds!db-eabeca92-97f5-4d09-98c1-ff98776c6ab0-khJHKG","secret_status":"active"}],"master_user_secret_kms_key_id":null,"max_allocated_storage":0,"monitoring_interval":0,"monitoring_role_arn":"","multi_az":false,"nchar_character_set_name":"","network_type":"IPV4","option_group_name":"default:postgres-17","parameter_group_name":"item-catalog-db-20251228185855467500000001","password":null,"password_wo":null,"password_wo_version":null,"performance_insights_enabled":false,"performance_insights_kms_key_id":"","performance_insights_retention_period":0,"port":5432,"publicly_accessible":false,"region":"us-east-2","replica_mode":"","replicas":[],"replicate_source_db":"","resource_id":"db-DJRYRTAZFYSW3XPUSHLODYKYD4","restore_to_point_in_time":[],"s3_import":[],"skip_final_snapshot":false,"snapshot_identifier":null,"status":"available","storage_encrypted":true,"storage_throughput":0,"storage_type":"gp2","tags":null,"tags_all":{},"timeouts":{"create":null,"delete":null,"update":null},"timezone":"","upgrade_rollout_order":"second","upgrade_storage_config":null,"username":"item_user","vpc_security_group_ids":["sg-0f8250b6729f50a0e"]},"sensitive_attributes":[[{"type":"get_attr","value":"password"}],[{"type":"get_attr","value":"password_wo"}]],"private":"eyJlMmJmYjczMC1lY2FhLTExZTYtOGY4OC0zNDM2M2JjN2M0YzAiOnsiY3JlYXRlIjozMDAwMDAwMDAwMDAwLCJkZWxldGUiOjM2MDAwMDAwMDAwMDAsInVwZGF0ZSI6NDgwMDAwMDAwMDAwMH0sInNjaGVtYV92ZXJzaW9uIjoiMiJ9","dependencies":["aws_security_group.rds_sg","module.item-catalog-db.module.db_instance.aws_cloudwatch_log_group.this","module.item-catalog-db.module.db_instance.aws_iam_role.enhanced_monitoring","module.item-catalog-db.module.db_instance.data.aws_iam_policy_document.enhanced_monitoring","module.item-catalog-db.module.db_instance.random_id.snapshot_identifier","module.item-catalog-db.module.db_option_group.aws_db_option_group.this","module.item-catalog-db.module.db_parameter_group.aws_db_parameter_group.this","module.item-catalog-db.module.db_subnet_group.aws_db_subnet_group.this","module.serverless-vpc.aws_db_subnet_group.database","module.serverless-vpc.aws_subnet.database","module.serverless-vpc.aws_vpc.this","module.serverless-vpc.aws_vpc_ipv4_cidr_block_association.this"]}]},{"module":"module.item-catalog-db.module.db_instance","mode":"managed","type":"random_id","name":"snapshot_identifier","provider":"provider[\"registry.opentofu.org/hashicorp/random\"]","instances":[{"index_key":0,"schema_version":0,"attributes":{"b64_std":"ZK8T1w==","b64_url":"ZK8T1w","byte_length":4,"dec":"1689195479","hex":"64af13d7","id":"ZK8T1w","keepers":{"id":"item-catalog-db","snapshot_identifier":null},"prefix":null},"sensitive_attributes":[]}]},{"module":"module.item-catalog-db.module.db_parameter_group","mode":"managed","type":"aws_db_parameter_group","name":"this","provider":"provider[\"registry.opentofu.org/hashicorp/aws\"]","instances":[{"index_key":0,"schema_version":0,"attributes":{"arn":"arn:aws:rds:us-east-2:122610191296:pg:item-catalog-db-20251228185855467500000001","description":"item-catalog-db parameter group","family":"postgres17","id":"item-catalog-db-20251228185855467500000001","name":"item-catalog-db-20251228185855467500000001","name_prefix":"item-catalog-db-","parameter":[],"region":"us-east-2","skip_destroy":false,"tags":{"Name":"item-catalog-db"},"tags_all":{"Name":"item-catalog-db"}},"sensitive_attributes":[],"private":"bnVsbA==","create_before_destroy":true}]},{"module":"module.serverless-vpc","mode":"managed","type":"aws_db_subnet_group","name":"database","provider":"provider[\"registry.opentofu.org/hashicorp/aws\"]","instances":[{"index_key":0,"schema_version":0,"attributes":{"arn":"arn:aws:rds:us-east-2:122610191296:subgrp:serverless-vpc","description":"Database subnet group for serverless-vpc","id":"serverless-vpc","name":"serverless-vpc","name_prefix":"","region":"us-east-2","subnet_ids":["subnet-0a16f3d5beeb59a70","subnet-0e1a603602bd40d10"],"supported_network_types":["IPV4"],"tags":{"AppType":"serverless","Environment":"dev","Name":"serverless-vpc"},"tags_all":{"AppType":"serverless","Environment":"dev","Name":"serverless-vpc"},"vpc_id":"vpc-0f2246124e1ed1a2e"},"sensitive_attributes":[],"private":"bnVsbA==","dependencies":["module.serverless-vpc.aws_subnet.database","module.serverless-vpc.aws_vpc.this","module.serverless-vpc.aws_vpc_ipv4_cidr_block_association.this"]}]},{"module":"module.serverless-vpc","mode":"managed","type":"aws_default_network_acl","name":"this","provider":"provider[\"registry.opentofu.org/hashicorp/aws\"]","instances":[{"index_key":0,"schema_version":0,"attributes":{"arn":"arn:aws:ec2:us-east-2:122610191296:network-acl/acl-07219595e70cffde4","default_network_acl_id":"acl-07219595e70cffde4","egress":[{"action":"allow","cidr_block":"","from_port":0,"icmp_code":0,"icmp_type":0,"ipv6_cidr_block":"::/0","protocol":"-1","rule_no":101,"to_port":0},{"action":"allow","cidr_block":"0.0.0.0/0","from_port":0,"icmp_code":0,"icmp_type":0,"ipv6_cidr_block":"","protocol":"-1","rule_no":100,"to_port":0}],"id":"acl-07219595e70cffde4","ingress":[{"action":"allow","cidr_block":"","from_port":0,"icmp_code":0,"icmp_type":0,"ipv6_cidr_block":"::/0","protocol":"-1","rule_no":101,"to_port":0},{"action":"allow","cidr_block":"0.0.0.0/0","from_port":0,"icmp_code":0,"icmp_type":0,"ipv6_cidr_block":"","protocol":"-1","rule_no":100,"to_port":0}],"owner_id":"122610191296","region":"us-east-2","subnet_ids":["subnet-00faabec00b809b1c","subnet-037501c42dab8c2f0","subnet-054b7a1c2ce6b7d51","subnet-0f3f3662120e37c37"],"tags":{"AppType":"serverless","Environment":"dev","Name":"serverless-vpc-default"},"tags_all":{"AppType":"serverless","Environment":"dev","Name":"serverless-vpc-default"},"vpc_id":"vpc-0f2246124e1ed1a2e"},"sensitive_attributes":[],"private":"bnVsbA==","dependencies":["module.serverless-vpc.aws_vpc.this"]}]},{"module":"module.serverless-vpc","mode":"managed","type":"aws_default_route_table","name":"default","provider":"provider[\"registry.opentofu.org/hashicorp/aws\"]","instances":[{"index_key":0,"schema_version":0,"attributes":{"arn":"arn:aws:ec2:us-east-2:122610191296:route-table/rtb-06e0cf8493c3d6404","default_route_table_id":"rtb-06e0cf8493c3d6404","id":"rtb-06e0cf8493c3d6404","owner_id":"122610191296","propagating_vgws":[],"region":"us-east-2","route":[],"tags":{"AppType":"serverless","Environment":"dev","Name":"serverless-vpc-default"},"tags_all":{"AppType":"serverless","Environment":"dev","Name":"serverless-vpc-default"},"timeouts":{"create":"5m","update":"5m"},"vpc_id":"vpc-0f2246124e1ed1a2e"},"sensitive_attributes":[],"private":"eyJlMmJmYjczMC1lY2FhLTExZTYtOGY4OC0zNDM2M2JjN2M0YzAiOnsiY3JlYXRlIjozMDAwMDAwMDAwMDAsInVwZGF0ZSI6MzAwMDAwMDAwMDAwfX0=","dependencies":["module.serverless-vpc.aws_vpc.this"]}]},{"module":"module.serverless-vpc","mode":"managed","type":"aws_default_security_group","name":"this","provider":"provider[\"registry.opentofu.org/hashicorp/aws\"]","instances":[{"index_key":0,"schema_version":1,"attributes":{"arn":"arn:aws:ec2:us-east-2:122610191296:security-group/sg-0033411d5949bc0a8","description":"default VPC security group","egress":[],"id":"sg-0033411d5949bc0a8","ingress":[],"name":"default","name_prefix":"","owner_id":"122610191296","region":"us-east-2","revoke_rules_on_delete":false,"tags":{"AppType":"serverless","Environment":"dev","Name":"serverless-vpc-default"},"tags_all":{"AppType":"serverless","Environment":"dev","Name":"serverless-vpc-default"},"vpc_id":"vpc-0f2246124e1ed1a2e"},"sensitive_attributes":[],"private":"eyJzY2hlbWFfdmVyc2lvbiI6IjEifQ==","dependencies":["module.serverless-vpc.aws_vpc.this"]}]},{"module":"module.serverless-vpc","mode":"managed","type":"aws_eip","name":"nat","provider":"provider[\"registry.opentofu.org/hashicorp/aws\"]","instances":[{"index_key":0,"schema_version":0,"attributes":{"address":null,"allocation_id":"eipalloc-0344b9a0137692aa1","arn":"arn:aws:ec2:us-east-2:122610191296:elastic-ip/eipalloc-0344b9a0137692aa1","associate_with_private_ip":null,"association_id":"eipassoc-004bed6fb06d3f4a1","carrier_ip":"","customer_owned_ip":"","customer_owned_ipv4_pool":"","domain":"vpc","id":"eipalloc-0344b9a0137692aa1","instance":"","ipam_pool_id":null,"network_border_group":"us-east-2","network_interface":"eni-0dfbabca1d8f10220","private_dns":"ip-10-0-101-42.us-east-2.compute.internal","private_ip":"10.0.101.42","ptr_record":"","public_dns":"ec2-18-188-199-45.us-east-2.compute.amazonaws.com","public_ip":"18.188.199.45","public_ipv4_pool":"amazon","region":"us-east-2","tags":{"AppType":"serverless","Environment":"dev","Name":"serverless-vpc-us-east-2a"},"tags_all":{"AppType":"serverless","Environment":"dev","Name":"serverless-vpc-us-east-2a"},"timeouts":null},"sensitive_attributes":[],"private":"eyJlMmJmYjczMC1lY2FhLTExZTYtOGY4OC0zNDM2M2JjN2M0YzAiOnsiZGVsZXRlIjoxODAwMDAwMDAwMDAsInJlYWQiOjkwMDAwMDAwMDAwMCwidXBkYXRlIjozMDAwMDAwMDAwMDB9fQ==","dependencies":["module.serverless-vpc.aws_internet_gateway.this","module.serverless-vpc.aws_vpc.this","module.serverless-vpc.aws_vpc_ipv4_cidr_block_association.this"]},{"index_key":1,"schema_version":0,"attributes":{"address":null,"allocation_id":"eipalloc-0d8132e1d104afe0e","arn":"arn:aws:ec2:us-east-2:122610191296:elastic-ip/eipalloc-0d8132e1d104afe0e","associate_with_private_ip":null,"association_id":"eipassoc-0c14fbbd367aba662","carrier_ip":"","customer_owned_ip":"","customer_owned_ipv4_pool":"","domain":"vpc","id":"eipalloc-0d8132e1d104afe0e","instance":"","ipam_pool_id":null,"network_border_group":"us-east-2","network_interface":"eni-09af46041b749afbe","private_dns":"ip-10-0-102-242.us-east-2.compute.internal","private_ip":"10.0.102.242","ptr_record":"","public_dns":"ec2-3-21-203-238.us-east-2.compute.amazonaws.com","public_ip":"3.21.203.238","public_ipv4_pool":"amazon","region":"us-east-2","tags":{"AppType":"serverless","Environment":"dev","Name":"serverless-vpc-us-east-2b"},"tags_all":{"AppType":"serverless","Environment":"dev","Name":"serverless-vpc-us-east-2b"},"timeouts":null},"sensitive_attributes":[],"private":"eyJlMmJmYjczMC1lY2FhLTExZTYtOGY4OC0zNDM2M2JjN2M0YzAiOnsiZGVsZXRlIjoxODAwMDAwMDAwMDAsInJlYWQiOjkwMDAwMDAwMDAwMCwidXBkYXRlIjozMDAwMDAwMDAwMDB9fQ==","dependencies":["module.serverless-vpc.aws_internet_gateway.this","module.serverless-vpc.aws_vpc.this","module.serverless-vpc.aws_vpc_ipv4_cidr_block_association.this"]}]},{"module":"module.serverless-vpc","mode":"managed","type":"aws_internet_gateway","name":"this","provider":"provider[\"registry.opentofu.org/hashicorp/aws\"]","instances":[{"index_key":0,"schema_version":0,"attributes":{"arn":"arn:aws:ec2:us-east-2:122610191296:internet-gateway/igw-087dfaca92b4c9500","id":"igw-087dfaca92b4c9500","owner_id":"122610191296","region":"us-east-2","tags":{"AppType":"serverless","Environment":"dev","Name":"serverless-vpc"},"tags_all":{"AppType":"serverless","Environment":"dev","Name":"serverless-vpc"},"timeouts":null,"vpc_id":"vpc-0f2246124e1ed1a2e"},"sensitive_attributes":[],"private":"eyJlMmJmYjczMC1lY2FhLTExZTYtOGY4OC0zNDM2M2JjN2M0YzAiOnsiY3JlYXRlIjoxMjAwMDAwMDAwMDAwLCJkZWxldGUiOjEyMDAwMDAwMDAwMDAsInVwZGF0ZSI6MTIwMDAwMDAwMDAwMH19","dependencies":["module.serverless-vpc.aws_vpc.this","module.serverless-vpc.aws_vpc_ipv4_cidr_block_association.this"]}]},{"module":"module.serverless-vpc","mode":"managed","type":"aws_nat_gateway","name":"this","provider":"provider[\"registry.opentofu.org/hashicorp/aws\"]","instances":[{"index_key":0,"schema_version":0,"attributes":{"allocation_id":"eipalloc-0344b9a0137692aa1","association_id":"eipassoc-004bed6fb06d3f4a1","auto_provision_zones":null,"auto_scaling_ips":null,"availability_mode":"zonal","availability_zone_address":[],"connectivity_type":"public","id":"nat-0bcf00477dce71e34","network_interface_id":"eni-0dfbabca1d8f10220","private_ip":"10.0.101.42","public_ip":"18.188.199.45","region":"us-east-2","regional_nat_gateway_address":[],"regional_nat_gateway_auto_mode":null,"route_table_id":null,"secondary_allocation_ids":[],"secondary_private_ip_address_count":0,"secondary_private_ip_addresses":[],"subnet_id":"subnet-054b7a1c2ce6b7d51","tags":{"AppType":"serverless","Environment":"dev","Name":"serverless-vpc-us-east-2a"},"tags_all":{"AppType":"serverless","Environment":"dev","Name":"serverless-vpc-us-east-2a"},"timeouts":null,"vpc_id":"vpc-0f2246124e1ed1a2e"},"sensitive_attributes":[],"private":"eyJlMmJmYjczMC1lY2FhLTExZTYtOGY4OC0zNDM2M2JjN2M0YzAiOnsiY3JlYXRlIjo2MDAwMDAwMDAwMDAsImRlbGV0ZSI6MTgwMDAwMDAwMDAwMCwidXBkYXRlIjo2MDAwMDAwMDAwMDB9fQ==","dependencies":["module.serverless-vpc.aws_eip.nat","module.serverless-vpc.aws_internet_gateway.this","module.serverless-vpc.aws_subnet.public","module.serverless-vpc.aws_vpc.this","module.serverless-vpc.aws_vpc_ipv4_cidr_block_association.this"]},{"index_key":1,"schema_version":0,"attributes":{"allocation_id":"eipalloc-0d8132e1d104afe0e","association_id":"eipassoc-0367dbf253a52f7a9","auto_provision_zones":null,"auto_scaling_ips":null,"availability_mode":"zonal","availability_zone_address":[],"connectivity_type":"public","id":"nat-0d1e9b2a697ea9993","network_interface_id":"eni-0a432d43275b83f50","private_ip":"10.0.101.206","public_ip":"3.21.203.238","region":"us-east-2","regional_nat_gateway_address":[],"regional_nat_gateway_auto_mode":null,"route_table_id":null,"secondary_allocation_ids":[],"secondary_private_ip_address_count":0,"secondary_private_ip_addresses":[],"subnet_id":"subnet-054b7a1c2ce6b7d51","tags":{"AppType":"serverless","Environment":"dev","Name":"serverless-vpc-us-east-2b"},"tags_all":{"AppType":"serverless","Environment":"dev","Name":"serverless-vpc-us-east-2b"},"timeouts":null,"vpc_id":"vpc-0f2246124e1ed1a2e"},"sensitive_attributes":[],"private":"eyJlMmJmYjczMC1lY2FhLTExZTYtOGY4OC0zNDM2M2JjN2M0YzAiOnsiY3JlYXRlIjo2MDAwMDAwMDAwMDAsImRlbGV0ZSI6MTgwMDAwMDAwMDAwMCwidXBkYXRlIjo2MDAwMDAwMDAwMDB9fQ==","dependencies":["module.serverless-vpc.aws_eip.nat","module.serverless-vpc.aws_internet_gateway.this","module.serverless-vpc.aws_subnet.public","module.serverless-vpc.aws_vpc.this","module.serverless-vpc.aws_vpc_ipv4_cidr_block_association.this"]}]},{"module":"module.serverless-vpc","mode":"managed","type":"aws_route","name":"private_nat_gateway","provider":"provider[\"registry.opentofu.org/hashicorp/aws\"]","instances":[{"index_key":0,"schema_version":0,"attributes":{"carrier_gateway_id":"","core_network_arn":"","destination_cidr_block":"0.0.0.0/0","destination_ipv6_cidr_block":"","destination_prefix_list_id":"","egress_only_gateway_id":"","gateway_id":"","id":"r-rtb-09fb3a01cdfcd45f31080289494","instance_id":"","instance_owner_id":"","local_gateway_id":"","nat_gateway_id":"nat-0bcf00477dce71e34","network_interface_id":"","origin":"CreateRoute","region":"us-east-2","route_table_id":"rtb-09fb3a01cdfcd45f3","state":"active","timeouts":{"create":"5m","delete":null,"update":null},"transit_gateway_id":"","vpc_endpoint_id":"","vpc_peering_connection_id":""},"sensitive_attributes":[],"private":"eyJlMmJmYjczMC1lY2FhLTExZTYtOGY4OC0zNDM2M2JjN2M0YzAiOnsiY3JlYXRlIjozMDAwMDAwMDAwMDAsImRlbGV0ZSI6MzAwMDAwMDAwMDAwLCJ1cGRhdGUiOjEyMDAwMDAwMDAwMH19","dependencies":["module.serverless-vpc.aws_eip.nat","module.serverless-vpc.aws_internet_gateway.this","module.serverless-vpc.aws_nat_gateway.this","module.serverless-vpc.aws_route_table.private","module.serverless-vpc.aws_subnet.public","module.serverless-vpc.aws_vpc.this","module.serverless-vpc.aws_vpc_ipv4_cidr_block_association.this"]},{"index_key":1,"schema_version":0,"attributes":{"carrier_gateway_id":"","core_network_arn":"","destination_cidr_block":"0.0.0.0/0","destination_ipv6_cidr_block":"","destination_prefix_list_id":"","egress_only_gateway_id":"","gateway_id":"","id":"r-rtb-00cbe190a5a64abf91080289494","instance_id":"","instance_owner_id":"","local_gateway_id":"","nat_gateway_id":"nat-0d1e9b2a697ea9993","network_interface_id":"","origin":"CreateRoute","region":"us-east-2","route_table_id":"rtb-00cbe190a5a64abf9","state":"active","timeouts":{"create":"5m","delete":null,"update":null},"transit_gateway_id":"","vpc_endpoint_id":"","vpc_peering_connection_id":""},"sensitive_attributes":[],"private":"eyJlMmJmYjczMC1lY2FhLTExZTYtOGY4OC0zNDM2M2JjN2M0YzAiOnsiY3JlYXRlIjozMDAwMDAwMDAwMDAsImRlbGV0ZSI6MzAwMDAwMDAwMDAwLCJ1cGRhdGUiOjEyMDAwMDAwMDAwMH19","dependencies":["module.serverless-vpc.aws_eip.nat","module.serverless-vpc.aws_internet_gateway.this","module.serverless-vpc.aws_nat_gateway.this","module.serverless-vpc.aws_route_table.private","module.serverless-vpc.aws_subnet.public","module.serverless-vpc.aws_vpc.this","module.serverless-vpc.aws_vpc_ipv4_cidr_block_association.this"]}]},{"module":"module.serverless-vpc","mode":"managed","type":"aws_route","name":"public_internet_gateway","provider":"provider[\"registry.opentofu.org/hashicorp/aws\"]","instances":[{"index_key":0,"schema_version":0,"attributes":{"carrier_gateway_id":"","core_network_arn":"","destination_cidr_block":"0.0.0.0/0","destination_ipv6_cidr_block":"","destination_prefix_list_id":"","egress_only_gateway_id":"","gateway_id":"igw-087dfaca92b4c9500","id":"r-rtb-01a24fa459f10fc171080289494","instance_id":"","instance_owner_id":"","local_gateway_id":"","nat_gateway_id":"","network_interface_id":"","origin":"CreateRoute","region":"us-east-2","route_table_id":"rtb-01a24fa459f10fc17","state":"active","timeouts":{"create":"5m","delete":null,"update":null},"transit_gateway_id":"","vpc_endpoint_id":"","vpc_peering_connection_id":""},"sensitive_attributes":[],"private":"eyJlMmJmYjczMC1lY2FhLTExZTYtOGY4OC0zNDM2M2JjN2M0YzAiOnsiY3JlYXRlIjozMDAwMDAwMDAwMDAsImRlbGV0ZSI6MzAwMDAwMDAwMDAwLCJ1cGRhdGUiOjEyMDAwMDAwMDAwMH19","dependencies":["module.serverless-vpc.aws_internet_gateway.this","module.serverless-vpc.aws_route_table.public","module.serverless-vpc.aws_vpc.this","module.serverless-vpc.aws_vpc_ipv4_cidr_block_association.this"]}]},{"module":"module.serverless-vpc","mode":"managed","type":"aws_route_table","name":"private","provider":"provider[\"registry.opentofu.org/hashicorp/aws\"]","instances":[{"index_key":0,"schema_version":0,"attributes":{"arn":"arn:aws:ec2:us-east-2:122610191296:route-table/rtb-09fb3a01cdfcd45f3","id":"rtb-09fb3a01cdfcd45f3","owner_id":"122610191296","propagating_vgws":[],"region":"us-east-2","route":[{"carrier_gateway_id":"","cidr_block":"0.0.0.0/0","core_network_arn":"","destination_prefix_list_id":"","egress_only_gateway_id":"","gateway_id":"","ipv6_cidr_block":"","local_gateway_id":"","nat_gateway_id":"nat-0bcf00477dce71e34","network_interface_id":"","transit_gateway_id":"","vpc_endpoint_id":"","vpc_peering_connection_id":""}],"tags":{"AppType":"serverless","Environment":"dev","Name":"serverless-vpc-private-us-east-2a"},"tags_all":{"AppType":"serverless","Environment":"dev","Name":"serverless-vpc-private-us-east-2a"},"timeouts":null,"vpc_id":"vpc-0f2246124e1ed1a2e"},"sensitive_attributes":[],"private":"eyJlMmJmYjczMC1lY2FhLTExZTYtOGY4OC0zNDM2M2JjN2M0YzAiOnsiY3JlYXRlIjozMDAwMDAwMDAwMDAsImRlbGV0ZSI6MzAwMDAwMDAwMDAwLCJ1cGRhdGUiOjEyMDAwMDAwMDAwMH19","dependencies":["module.serverless-vpc.aws_vpc.this","module.serverless-vpc.aws_vpc_ipv4_cidr_block_association.this"]},{"index_key":1,"schema_version":0,"attributes":{"arn":"arn:aws:ec2:us-east-2:122610191296:route-table/rtb-00cbe190a5a64abf9","id":"rtb-00cbe190a5a64abf9","owner_id":"122610191296","propagating_vgws":[],"region":"us-east-2","route":[{"carrier_gateway_id":"","cidr_block":"0.0.0.0/0","core_network_arn":"","destination_prefix_list_id":"","egress_only_gateway_id":"","gateway_id":"","ipv6_cidr_block":"","local_gateway_id":"","nat_gateway_id":"nat-0a5896673fbf96447","network_interface_id":"","transit_gateway_id":"","vpc_endpoint_id":"","vpc_peering_connection_id":""}],"tags":{"AppType":"serverless","Environment":"dev","Name":"serverless-vpc-private-us-east-2b"},"tags_all":{"AppType":"serverless","Environment":"dev","Name":"serverless-vpc-private-us-east-2b"},"timeouts":null,"vpc_id":"vpc-0f2246124e1ed1a2e"},"sensitive_attributes":[],"private":"eyJlMmJmYjczMC1lY2FhLTExZTYtOGY4OC0zNDM2M2JjN2M0YzAiOnsiY3JlYXRlIjozMDAwMDAwMDAwMDAsImRlbGV0ZSI6MzAwMDAwMDAwMDAwLCJ1cGRhdGUiOjEyMDAwMDAwMDAwMH19","dependencies":["module.serverless-vpc.aws_vpc.this","module.serverless-vpc.aws_vpc_ipv4_cidr_block_association.this"]}]},{"module":"module.serverless-vpc","mode":"managed","type":"aws_route_table","name":"public","provider":"provider[\"registry.opentofu.org/hashicorp/aws\"]","instances":[{"index_key":0,"schema_version":0,"attributes":{"arn":"arn:aws:ec2:us-east-2:122610191296:route-table/rtb-01a24fa459f10fc17","id":"rtb-01a24fa459f10fc17","owner_id":"122610191296","propagating_vgws":[],"region":"us-east-2","route":[{"carrier_gateway_id":"","cidr_block":"0.0.0.0/0","core_network_arn":"","destination_prefix_list_id":"","egress_only_gateway_id":"","gateway_id":"igw-087dfaca92b4c9500","ipv6_cidr_block":"","local_gateway_id":"","nat_gateway_id":"","network_interface_id":"","transit_gateway_id":"","vpc_endpoint_id":"","vpc_peering_connection_id":""}],"tags":{"AppType":"serverless","Environment":"dev","Name":"serverless-vpc-public"},"tags_all":{"AppType":"serverless","Environment":"dev","Name":"serverless-vpc-public"},"timeouts":null,"vpc_id":"vpc-0f2246124e1ed1a2e"},"sensitive_attributes":[],"private":"eyJlMmJmYjczMC1lY2FhLTExZTYtOGY4OC0zNDM2M2JjN2M0YzAiOnsiY3JlYXRlIjozMDAwMDAwMDAwMDAsImRlbGV0ZSI6MzAwMDAwMDAwMDAwLCJ1cGRhdGUiOjEyMDAwMDAwMDAwMH19","dependencies":["module.serverless-vpc.aws_vpc.this","module.serverless-vpc.aws_vpc_ipv4_cidr_block_association.this"]}]},{"module":"module.serverless-vpc","mode":"managed","type":"aws_route_table_association","name":"database","provider":"provider[\"registry.opentofu.org/hashicorp/aws\"]","instances":[{"index_key":0,"schema_version":0,"attributes":{"gateway_id":"","id":"rtbassoc-07ac7e2f579e360b9","region":"us-east-2","route_table_id":"rtb-09fb3a01cdfcd45f3","subnet_id":"subnet-0e1a603602bd40d10","timeouts":null},"sensitive_attributes":[],"private":"eyJlMmJmYjczMC1lY2FhLTExZTYtOGY4OC0zNDM2M2JjN2M0YzAiOnsiY3JlYXRlIjozMDAwMDAwMDAwMDAsImRlbGV0ZSI6MzAwMDAwMDAwMDAwLCJ1cGRhdGUiOjEyMDAwMDAwMDAwMH19","dependencies":["module.serverless-vpc.aws_route_table.database","module.serverless-vpc.aws_route_table.private","module.serverless-vpc.aws_subnet.database","module.serverless-vpc.aws_vpc.this","module.serverless-vpc.aws_vpc_ipv4_cidr_block_association.this"]},{"index_key":1,"schema_version":0,"attributes":{"gateway_id":"","id":"rtbassoc-058c7fb13df8ab4f9","region":"us-east-2","route_table_id":"rtb-00cbe190a5a64abf9","subnet_id":"subnet-0a16f3d5beeb59a70","timeouts":null},"sensitive_attributes":[],"private":"eyJlMmJmYjczMC1lY2FhLTExZTYtOGY4OC0zNDM2M2JjN2M0YzAiOnsiY3JlYXRlIjozMDAwMDAwMDAwMDAsImRlbGV0ZSI6MzAwMDAwMDAwMDAwLCJ1cGRhdGUiOjEyMDAwMDAwMDAwMH19","dependencies":["module.serverless-vpc.aws_route_table.database","module.serverless-vpc.aws_route_table.private","module.serverless-vpc.aws_subnet.database","module.serverless-vpc.aws_vpc.this","module.serverless-vpc.aws_vpc_ipv4_cidr_block_association.this"]}]},{"module":"module.serverless-vpc","mode":"managed","type":"aws_route_table_association","name":"private","provider":"provider[\"registry.opentofu.org/hashicorp/aws\"]","instances":[{"index_key":0,"schema_version":0,"attributes":{"gateway_id":"","id":"rtbassoc-09dff8aca8beb39b2","region":"us-east-2","route_table_id":"rtb-09fb3a01cdfcd45f3","subnet_id":"subnet-00faabec00b809b1c","timeouts":null},"sensitive_attributes":[],"private":"eyJlMmJmYjczMC1lY2FhLTExZTYtOGY4OC0zNDM2M2JjN2M0YzAiOnsiY3JlYXRlIjozMDAwMDAwMDAwMDAsImRlbGV0ZSI6MzAwMDAwMDAwMDAwLCJ1cGRhdGUiOjEyMDAwMDAwMDAwMH19","dependencies":["module.serverless-vpc.aws_route_table.private","module.serverless-vpc.aws_subnet.private","module.serverless-vpc.aws_vpc.this","module.serverless-vpc.aws_vpc_ipv4_cidr_block_association.this"]},{"index_key":1,"schema_version":0,"attributes":{"gateway_id":"","id":"rtbassoc-0875f57ea7e6864a0","region":"us-east-2","route_table_id":"rtb-00cbe190a5a64abf9","subnet_id":"subnet-037501c42dab8c2f0","timeouts":null},"sensitive_attributes":[],"private":"eyJlMmJmYjczMC1lY2FhLTExZTYtOGY4OC0zNDM2M2JjN2M0YzAiOnsiY3JlYXRlIjozMDAwMDAwMDAwMDAsImRlbGV0ZSI6MzAwMDAwMDAwMDAwLCJ1cGRhdGUiOjEyMDAwMDAwMDAwMH19","dependencies":["module.serverless-vpc.aws_route_table.private","module.serverless-vpc.aws_subnet.private","module.serverless-vpc.aws_vpc.this","module.serverless-vpc.aws_vpc_ipv4_cidr_block_association.this"]}]},{"module":"module.serverless-vpc","mode":"managed","type":"aws_route_table_association","name":"public","provider":"provider[\"registry.opentofu.org/hashicorp/aws\"]","instances":[{"index_key":0,"schema_version":0,"attributes":{"gateway_id":"","id":"rtbassoc-0c0ab688bfa25f9ab","region":"us-east-2","route_table_id":"rtb-01a24fa459f10fc17","subnet_id":"subnet-054b7a1c2ce6b7d51","timeouts":null},"sensitive_attributes":[],"private":"eyJlMmJmYjczMC1lY2FhLTExZTYtOGY4OC0zNDM2M2JjN2M0YzAiOnsiY3JlYXRlIjozMDAwMDAwMDAwMDAsImRlbGV0ZSI6MzAwMDAwMDAwMDAwLCJ1cGRhdGUiOjEyMDAwMDAwMDAwMH19","dependencies":["module.serverless-vpc.aws_route_table.public","module.serverless-vpc.aws_subnet.public","module.serverless-vpc.aws_vpc.this","module.serverless-vpc.aws_vpc_ipv4_cidr_block_association.this"]}]},{"module":"module.serverless-vpc","mode":"managed","type":"aws_subnet","name":"database","provider":"provider[\"registry.opentofu.org/hashicorp/aws\"]","instances":[{"index_key":0,"schema_version":1,"attributes":{"arn":"arn:aws:ec2:us-east-2:122610191296:subnet/subnet-0e1a603602bd40d10","assign_ipv6_address_on_creation":false,"availability_zone":"us-east-2a","availability_zone_id":"use2-az1","cidr_block":"10.0.21.0/24","customer_owned_ipv4_pool":"","enable_dns64":false,"enable_lni_at_device_index":0,"enable_resource_name_dns_a_record_on_launch":false,"enable_resource_name_dns_aaaa_record_on_launch":false,"id":"subnet-0e1a603602bd40d10","ipv6_cidr_block":"","ipv6_cidr_block_association_id":"","ipv6_native":false,"map_customer_owned_ip_on_launch":false,"map_public_ip_on_launch":false,"outpost_arn":"","owner_id":"122610191296","private_dns_hostname_type_on_launch":"ip-name","region":"us-east-2","tags":{"AppType":"serverless","Environment":"dev","Name":"serverless-vpc-db-us-east-2a"},"tags_all":{"AppType":"serverless","Environment":"dev","Name":"serverless-vpc-db-us-east-2a"},"timeouts":null,"vpc_id":"vpc-0f2246124e1ed1a2e"},"sensitive_attributes":[],"private":"eyJlMmJmYjczMC1lY2FhLTExZTYtOGY4OC0zNDM2M2JjN2M0YzAiOnsiY3JlYXRlIjo2MDAwMDAwMDAwMDAsImRlbGV0ZSI6MTIwMDAwMDAwMDAwMH0sInNjaGVtYV92ZXJzaW9uIjoiMSJ9","dependencies":["module.serverless-vpc.aws_vpc.this","module.serverless-vpc.aws_vpc_ipv4_cidr_block_association.this"]},{"index_key":1,"schema_version":1,"attributes":{"arn":"arn:aws:ec2:us-east-2:122610191296:subnet/subnet-0a16f3d5beeb59a70","assign_ipv6_address_on_creation":false,"availability_zone":"us-east-2b","availability_zone_id":"use2-az2","cidr_block":"10.0.22.0/24","customer_owned_ipv4_pool":"","enable_dns64":false,"enable_lni_at_device_index":0,"enable_resource_name_dns_a_record_on_launch":false,"enable_resource_name_dns_aaaa_record_on_launch":false,"id":"subnet-0a16f3d5beeb59a70","ipv6_cidr_block":"","ipv6_cidr_block_association_id":"","ipv6_native":false,"map_customer_owned_ip_on_launch":false,"map_public_ip_on_launch":false,"outpost_arn":"","owner_id":"122610191296","private_dns_hostname_type_on_launch":"ip-name","region":"us-east-2","tags":{"AppType":"serverless","Environment":"dev","Name":"serverless-vpc-db-us-east-2b"},"tags_all":{"AppType":"serverless","Environment":"dev","Name":"serverless-vpc-db-us-east-2b"},"timeouts":null,"vpc_id":"vpc-0f2246124e1ed1a2e"},"sensitive_attributes":[],"private":"eyJlMmJmYjczMC1lY2FhLTExZTYtOGY4OC0zNDM2M2JjN2M0YzAiOnsiY3JlYXRlIjo2MDAwMDAwMDAwMDAsImRlbGV0ZSI6MTIwMDAwMDAwMDAwMH0sInNjaGVtYV92ZXJzaW9uIjoiMSJ9","dependencies":["module.serverless-vpc.aws_vpc.this","module.serverless-vpc.aws_vpc_ipv4_cidr_block_association.this"]}]},{"module":"module.serverless-vpc","mode":"managed","type":"aws_subnet","name":"private","provider":"provider[\"registry.opentofu.org/hashicorp/aws\"]","instances":[{"index_key":0,"schema_version":1,"attributes":{"arn":"arn:aws:ec2:us-east-2:122610191296:subnet/subnet-00faabec00b809b1c","assign_ipv6_address_on_creation":false,"availability_zone":"us-east-2a","availability_zone_id":"use2-az1","cidr_block":"10.0.1.0/24","customer_owned_ipv4_pool":"","enable_dns64":false,"enable_lni_at_device_index":0,"enable_resource_name_dns_a_record_on_launch":false,"enable_resource_name_dns_aaaa_record_on_launch":false,"id":"subnet-00faabec00b809b1c","ipv6_cidr_block":"","ipv6_cidr_block_association_id":"","ipv6_native":false,"map_customer_owned_ip_on_launch":false,"map_public_ip_on_launch":false,"outpost_arn":"","owner_id":"122610191296","private_dns_hostname_type_on_launch":"ip-name","region":"us-east-2","tags":{"AppType":"serverless","Environment":"dev","Name":"serverless-vpc-private-us-east-2a"},"tags_all":{"AppType":"serverless","Environment":"dev","Name":"serverless-vpc-private-us-east-2a"},"timeouts":null,"vpc_id":"vpc-0f2246124e1ed1a2e"},"sensitive_attributes":[],"private":"eyJlMmJmYjczMC1lY2FhLTExZTYtOGY4OC0zNDM2M2JjN2M0YzAiOnsiY3JlYXRlIjo2MDAwMDAwMDAwMDAsImRlbGV0ZSI6MTIwMDAwMDAwMDAwMH0sInNjaGVtYV92ZXJzaW9uIjoiMSJ9","dependencies":["module.serverless-vpc.aws_vpc.this","module.serverless-vpc.aws_vpc_ipv4_cidr_block_association.this"]},{"index_key":1,"schema_version":1,"attributes":{"arn":"arn:aws:ec2:us-east-2:122610191296:subnet/subnet-037501c42dab8c2f0","assign_ipv6_address_on_creation":false,"availability_zone":"us-east-2b","availability_zone_id":"use2-az2","cidr_block":"10.0.2.0/24","customer_owned_ipv4_pool":"","enable_dns64":false,"enable_lni_at_device_index":0,"enable_resource_name_dns_a_record_on_launch":false,"enable_resource_name_dns_aaaa_record_on_launch":false,"id":"subnet-037501c42dab8c2f0","ipv6_cidr_block":"","ipv6_cidr_block_association_id":"","ipv6_native":false,"map_customer_owned_ip_on_launch":false,"map_public_ip_on_launch":false,"outpost_arn":"","owner_id":"122610191296","private_dns_hostname_type_on_launch":"ip-name","region":"us-east-2","tags":{"AppType":"serverless","Environment":"dev","Name":"serverless-vpc-private-us-east-2b"},"tags_all":{"AppType":"serverless","Environment":"dev","Name":"serverless-vpc-private-us-east-2b"},"timeouts":null,"vpc_id":"vpc-0f2246124e1ed1a2e"},"sensitive_attributes":[],"private":"eyJlMmJmYjczMC1lY2FhLTExZTYtOGY4OC0zNDM2M2JjN2M0YzAiOnsiY3JlYXRlIjo2MDAwMDAwMDAwMDAsImRlbGV0ZSI6MTIwMDAwMDAwMDAwMH0sInNjaGVtYV92ZXJzaW9uIjoiMSJ9","dependencies":["module.serverless-vpc.aws_vpc.this","module.serverless-vpc.aws_vpc_ipv4_cidr_block_association.this"]}]},{"module":"module.serverless-vpc","mode":"managed","type":"aws_subnet","name":"public","provider":"provider[\"registry.opentofu.org/hashicorp/aws\"]","instances":[{"index_key":0,"schema_version":1,"attributes":{"arn":"arn:aws:ec2:us-east-2:122610191296:subnet/subnet-054b7a1c2ce6b7d51","assign_ipv6_address_on_creation":false,"availability_zone":"us-east-2a","availability_zone_id":"use2-az1","cidr_block":"10.0.101.0/24","customer_owned_ipv4_pool":"","enable_dns64":false,"enable_lni_at_device_index":0,"enable_resource_name_dns_a_record_on_launch":false,"enable_resource_name_dns_aaaa_record_on_launch":false,"id":"subnet-054b7a1c2ce6b7d51","ipv6_cidr_block":"","ipv6_cidr_block_association_id":"","ipv6_native":false,"map_customer_owned_ip_on_launch":false,"map_public_ip_on_launch":false,"outpost_arn":"","owner_id":"122610191296","private_dns_hostname_type_on_launch":"ip-name","region":"us-east-2","tags":{"AppType":"serverless","Environment":"dev","Name":"serverless-vpc-public-us-east-2a"},"tags_all":{"AppType":"serverless","Environment":"dev","Name":"serverless-vpc-public-us-east-2a"},"timeouts":null,"vpc_id":"vpc-0f2246124e1ed1a2e"},"sensitive_attributes":[],"private":"eyJlMmJmYjczMC1lY2FhLTExZTYtOGY4OC0zNDM2M2JjN2M0YzAiOnsiY3JlYXRlIjo2MDAwMDAwMDAwMDAsImRlbGV0ZSI6MTIwMDAwMDAwMDAwMH0sInNjaGVtYV92ZXJzaW9uIjoiMSJ9","dependencies":["module.serverless-vpc.aws_vpc.this","module.serverless-vpc.aws_vpc_ipv4_cidr_block_association.this"]}]},{"module":"module.serverless-vpc","mode":"managed","type":"aws_vpc","name":"this","provider":"provider[\"registry.opentofu.org/hashicorp/aws\"]","instances":[{"index_key":0,"schema_version":1,"attributes":{"arn":"arn:aws:ec2:us-east-2:122610191296:vpc/vpc-0f2246124e1ed1a2e","assign_generated_ipv6_cidr_block":false,"cidr_block":"10.0.0.0/16","default_network_acl_id":"acl-07219595e70cffde4","default_route_table_id":"rtb-06e0cf8493c3d6404","default_security_group_id":"sg-0033411d5949bc0a8","dhcp_options_id":"dopt-23f0e74b","enable_dns_hostnames":true,"enable_dns_support":true,"enable_network_address_usage_metrics":false,"id":"vpc-0f2246124e1ed1a2e","instance_tenancy":"default","ipv4_ipam_pool_id":null,"ipv4_netmask_length":null,"ipv6_association_id":"","ipv6_cidr_block":"","ipv6_cidr_block_network_border_group":"","ipv6_ipam_pool_id":"","ipv6_netmask_length":0,"main_route_table_id":"rtb-06e0cf8493c3d6404","owner_id":"122610191296","region":"us-east-2","tags":{"AppType":"serverless","Environment":"dev","Name":"serverless-vpc"},"tags_all":{"AppType":"serverless","Environment":"dev","Name":"serverless-vpc"}},"sensitive_attributes":[],"private":"eyJzY2hlbWFfdmVyc2lvbiI6IjEifQ=="}]}],"check_results":null}
